
Microsoft Visual Studio Solution File, Format Version 12.00
# Visual Studio Version 16
VisualStudioVersion = 16.0.29102.190
MinimumVisualStudioVersion = 10.0.40219.1
Project("{FAE04EC0-301F-11D3-BF4B-00C04F79EFBC}") = "Gitbranching", "Gitbranching.csproj", "{F42E0C27-D552-406E-A9EA-48B12DE7BF74}"
EndProject
Global
	GlobalSection(SolutionConfigurationPlatforms) = preSolution
		Debug|Any CPU = Debug|Any CPU
		Release|Any CPU = Release|Any CPU
	EndGlobalSection
	GlobalSection(ProjectConfigurationPlatforms) = postSolution
		{F42E0C27-D552-406E-A9EA-48B12DE7BF74}.Debug|Any CPU.ActiveCfg = Debug|Any CPU
		{F42E0C27-D552-406E-A9EA-48B12DE7BF74}.Debug|Any CPU.Build.0 = Debug|Any CPU
		{F42E0C27-D552-406E-A9EA-48B12DE7BF74}.Release|Any CPU.ActiveCfg = Release|Any CPU
		{F42E0C27-D552-406E-A9EA-48B12DE7BF74}.Release|Any CPU.Build.0 = Release|Any CPU
	EndGlobalSection
	GlobalSection(SolutionProperties) = preSolution
		HideSolutionNode = FALSE
	EndGlobalSection
	GlobalSection(ExtensibilityGlobals) = postSolution
		SolutionGuid = {A9364FE6-0903-41B1-8D7B-CD16AE5ED6D2}
	EndGlobalSection
EndGlobal
